
Microsoft Visual Studio Solution File, Format Version 12.00
# Visual Studio 15
VisualStudioVersion = 15.0.26124.0
MinimumVisualStudioVersion = 15.0.26124.0
Project("{2150E333-8FDC-42A3-9474-1A3956D46DE8}") = "src", "src", "{4D9FDA0E-79FE-4454-912A-93CE82973FFA}"
EndProject
Project("{9A19103F-16F7-4668-BE54-9A1E7A4F7556}") = "SoCalCodeCamp.AuthDemo", "src\SoCalCodeCamp.AuthDemo\SoCalCodeCamp.AuthDemo.csproj", "{333A537D-8FC8-4468-8961-1245B9001BFA}"
EndProject
Project("{2150E333-8FDC-42A3-9474-1A3956D46DE8}") = "sample", "sample", "{0AE99E41-5572-4826-8665-93045CDD5E8E}"
EndProject
Project("{FAE04EC0-301F-11D3-BF4B-00C04F79EFBC}") = "SoCalCodeCamp.AuthDemo.Sample.Android", "sample\SoCalCodeCamp.AuthDemo.Sample\SoCalCodeCamp.AuthDemo.Sample.Android\SoCalCodeCamp.AuthDemo.Sample.Android.csproj", "{75C6855F-139D-4FCD-B801-145667ECF8DD}"
EndProject
Project("{FAE04EC0-301F-11D3-BF4B-00C04F79EFBC}") = "SoCalCodeCamp.AuthDemo.Sample.iOS", "sample\SoCalCodeCamp.AuthDemo.Sample\SoCalCodeCamp.AuthDemo.Sample.iOS\SoCalCodeCamp.AuthDemo.Sample.iOS.csproj", "{878D851E-0F8F-4A7A-B383-18A0B568D55A}"
EndProject
Project("{FAE04EC0-301F-11D3-BF4B-00C04F79EFBC}") = "SoCalCodeCamp.AuthDemo.Sample.UWP", "sample\SoCalCodeCamp.AuthDemo.Sample\SoCalCodeCamp.AuthDemo.Sample.UWP\SoCalCodeCamp.AuthDemo.Sample.UWP.csproj", "{BA7E4687-5F96-414C-86BE-A1A3BF6BA10D}"
EndProject
Project("{9A19103F-16F7-4668-BE54-9A1E7A4F7556}") = "SoCalCodeCamp.AuthDemo.Sample", "sample\SoCalCodeCamp.AuthDemo.Sample\SoCalCodeCamp.AuthDemo.Sample\SoCalCodeCamp.AuthDemo.Sample.csproj", "{03A9D0B7-BFC5-4BEF-9D78-4A7AAB5A09C6}"
EndProject
Project("{2150E333-8FDC-42A3-9474-1A3956D46DE8}") = "Solution Items", "Solution Items", "{80610A79-B8CF-4E7C-AB26-A1D5C6293696}"
	ProjectSection(SolutionItems) = preProject
		.editorconfig = .editorconfig
		azure-pipelines.yml = azure-pipelines.yml
		Directory.build.props = Directory.build.props
		LICENSE = LICENSE
		README.md = README.md
	EndProjectSection
EndProject
Project("{2150E333-8FDC-42A3-9474-1A3956D46DE8}") = "build", "build", "{5E8ABE93-D0E6-4033-B966-6CD5BD364B46}"
	ProjectSection(SolutionItems) = preProject
		build\filelist.txt = build\filelist.txt
		build\Sign-Packages.ps1 = build\Sign-Packages.ps1
	EndProjectSection
EndProject
Global
	GlobalSection(SolutionConfigurationPlatforms) = preSolution
		Ad-Hoc|Any CPU = Ad-Hoc|Any CPU
		Ad-Hoc|ARM = Ad-Hoc|ARM
		Ad-Hoc|iPhone = Ad-Hoc|iPhone
		Ad-Hoc|iPhoneSimulator = Ad-Hoc|iPhoneSimulator
		Ad-Hoc|x64 = Ad-Hoc|x64
		Ad-Hoc|x86 = Ad-Hoc|x86
		AppStore|Any CPU = AppStore|Any CPU
		AppStore|ARM = AppStore|ARM
		AppStore|iPhone = AppStore|iPhone
		AppStore|iPhoneSimulator = AppStore|iPhoneSimulator
		AppStore|x64 = AppStore|x64
		AppStore|x86 = AppStore|x86
		Debug|Any CPU = Debug|Any CPU
		Debug|ARM = Debug|ARM
		Debug|iPhone = Debug|iPhone
		Debug|iPhoneSimulator = Debug|iPhoneSimulator
		Debug|x64 = Debug|x64
		Debug|x86 = Debug|x86
		Release|Any CPU = Release|Any CPU
		Release|ARM = Release|ARM
		Release|iPhone = Release|iPhone
		Release|iPhoneSimulator = Release|iPhoneSimulator
		Release|x64 = Release|x64
		Release|x86 = Release|x86
	EndGlobalSection
	GlobalSection(ProjectConfigurationPlatforms) = postSolution
		{333A537D-8FC8-4468-8961-1245B9001BFA}.Ad-Hoc|Any CPU.ActiveCfg = Release|Any CPU
		{333A537D-8FC8-4468-8961-1245B9001BFA}.Ad-Hoc|Any CPU.Build.0 = Release|Any CPU
		{333A537D-8FC8-4468-8961-1245B9001BFA}.Ad-Hoc|ARM.ActiveCfg = Release|Any CPU
		{333A537D-8FC8-4468-8961-1245B9001BFA}.Ad-Hoc|iPhone.ActiveCfg = Release|Any CPU
		{333A537D-8FC8-4468-8961-1245B9001BFA}.Ad-Hoc|iPhone.Build.0 = Release|Any CPU
		{333A537D-8FC8-4468-8961-1245B9001BFA}.Ad-Hoc|iPhoneSimulator.ActiveCfg = Release|Any CPU
		{333A537D-8FC8-4468-8961-1245B9001BFA}.Ad-Hoc|iPhoneSimulator.Build.0 = Release|Any CPU
		{333A537D-8FC8-4468-8961-1245B9001BFA}.Ad-Hoc|x64.ActiveCfg = Release|Any CPU
		{333A537D-8FC8-4468-8961-1245B9001BFA}.Ad-Hoc|x64.Build.0 = Release|Any CPU
		{333A537D-8FC8-4468-8961-1245B9001BFA}.Ad-Hoc|x86.ActiveCfg = Release|Any CPU
		{333A537D-8FC8-4468-8961-1245B9001BFA}.Ad-Hoc|x86.Build.0 = Release|Any CPU
		{333A537D-8FC8-4468-8961-1245B9001BFA}.AppStore|Any CPU.ActiveCfg = Release|Any CPU
		{333A537D-8FC8-4468-8961-1245B9001BFA}.AppStore|Any CPU.Build.0 = Release|Any CPU
		{333A537D-8FC8-4468-8961-1245B9001BFA}.AppStore|ARM.ActiveCfg = Release|Any CPU
		{333A537D-8FC8-4468-8961-1245B9001BFA}.AppStore|ARM.Build.0 = Release|Any CPU
		{333A537D-8FC8-4468-8961-1245B9001BFA}.AppStore|iPhone.ActiveCfg = Release|Any CPU
		{333A537D-8FC8-4468-8961-1245B9001BFA}.AppStore|iPhone.Build.0 = Release|Any CPU
		{333A537D-8FC8-4468-8961-1245B9001BFA}.AppStore|iPhoneSimulator.ActiveCfg = Release|Any CPU
		{333A537D-8FC8-4468-8961-1245B9001BFA}.AppStore|iPhoneSimulator.Build.0 = Release|Any CPU
		{333A537D-8FC8-4468-8961-1245B9001BFA}.AppStore|x64.ActiveCfg = Release|Any CPU
		{333A537D-8FC8-4468-8961-1245B9001BFA}.AppStore|x64.Build.0 = Release|Any CPU
		{333A537D-8FC8-4468-8961-1245B9001BFA}.AppStore|x86.ActiveCfg = Release|Any CPU
		{333A537D-8FC8-4468-8961-1245B9001BFA}.AppStore|x86.Build.0 = Release|Any CPU
		{333A537D-8FC8-4468-8961-1245B9001BFA}.Debug|Any CPU.ActiveCfg = Debug|Any CPU
		{333A537D-8FC8-4468-8961-1245B9001BFA}.Debug|Any CPU.Build.0 = Debug|Any CPU
		{333A537D-8FC8-4468-8961-1245B9001BFA}.Debug|ARM.ActiveCfg = Debug|Any CPU
		{333A537D-8FC8-4468-8961-1245B9001BFA}.Debug|ARM.Build.0 = Debug|Any CPU
		{333A537D-8FC8-4468-8961-1245B9001BFA}.Debug|iPhone.ActiveCfg = Debug|Any CPU
		{333A537D-8FC8-4468-8961-1245B9001BFA}.Debug|iPhone.Build.0 = Debug|Any CPU
		{333A537D-8FC8-4468-8961-1245B9001BFA}.Debug|iPhoneSimulator.ActiveCfg = Debug|Any CPU
		{333A537D-8FC8-4468-8961-1245B9001BFA}.Debug|iPhoneSimulator.Build.0 = Debug|Any CPU
		{333A537D-8FC8-4468-8961-1245B9001BFA}.Debug|x64.ActiveCfg = Debug|Any CPU
		{333A537D-8FC8-4468-8961-1245B9001BFA}.Debug|x64.Build.0 = Debug|Any CPU
		{333A537D-8FC8-4468-8961-1245B9001BFA}.Debug|x86.ActiveCfg = Debug|Any CPU
		{333A537D-8FC8-4468-8961-1245B9001BFA}.Debug|x86.Build.0 = Debug|Any CPU
		{333A537D-8FC8-4468-8961-1245B9001BFA}.Release|Any CPU.ActiveCfg = Release|Any CPU
		{333A537D-8FC8-4468-8961-1245B9001BFA}.Release|Any CPU.Build.0 = Release|Any CPU
		{333A537D-8FC8-4468-8961-1245B9001BFA}.Release|ARM.ActiveCfg = Release|Any CPU
		{333A537D-8FC8-4468-8961-1245B9001BFA}.Release|ARM.Build.0 = Release|Any CPU
		{333A537D-8FC8-4468-8961-1245B9001BFA}.Release|iPhone.ActiveCfg = Release|Any CPU
		{333A537D-8FC8-4468-8961-1245B9001BFA}.Release|iPhone.Build.0 = Release|Any CPU
		{333A537D-8FC8-4468-8961-1245B9001BFA}.Release|iPhoneSimulator.ActiveCfg = Release|Any CPU
		{333A537D-8FC8-4468-8961-1245B9001BFA}.Release|iPhoneSimulator.Build.0 = Release|Any CPU
		{333A537D-8FC8-4468-8961-1245B9001BFA}.Release|x64.ActiveCfg = Release|Any CPU
		{333A537D-8FC8-4468-8961-1245B9001BFA}.Release|x64.Build.0 = Release|Any CPU
		{333A537D-8FC8-4468-8961-1245B9001BFA}.Release|x86.ActiveCfg = Release|Any CPU
		{333A537D-8FC8-4468-8961-1245B9001BFA}.Release|x86.Build.0 = Release|Any CPU
		{75C6855F-139D-4FCD-B801-145667ECF8DD}.Ad-Hoc|Any CPU.ActiveCfg = Release|Any CPU
		{75C6855F-139D-4FCD-B801-145667ECF8DD}.Ad-Hoc|ARM.ActiveCfg = Release|Any CPU
		{75C6855F-139D-4FCD-B801-145667ECF8DD}.Ad-Hoc|iPhone.ActiveCfg = Release|Any CPU
		{75C6855F-139D-4FCD-B801-145667ECF8DD}.Ad-Hoc|iPhone.Build.0 = Release|Any CPU
		{75C6855F-139D-4FCD-B801-145667ECF8DD}.Ad-Hoc|iPhone.Deploy.0 = Release|Any CPU
		{75C6855F-139D-4FCD-B801-145667ECF8DD}.Ad-Hoc|iPhoneSimulator.ActiveCfg = Release|Any CPU
		{75C6855F-139D-4FCD-B801-145667ECF8DD}.Ad-Hoc|iPhoneSimulator.Build.0 = Release|Any CPU
		{75C6855F-139D-4FCD-B801-145667ECF8DD}.Ad-Hoc|iPhoneSimulator.Deploy.0 = Release|Any CPU
		{75C6855F-139D-4FCD-B801-145667ECF8DD}.Ad-Hoc|x64.ActiveCfg = Release|Any CPU
		{75C6855F-139D-4FCD-B801-145667ECF8DD}.Ad-Hoc|x64.Build.0 = Release|Any CPU
		{75C6855F-139D-4FCD-B801-145667ECF8DD}.Ad-Hoc|x64.Deploy.0 = Release|Any CPU
		{75C6855F-139D-4FCD-B801-145667ECF8DD}.Ad-Hoc|x86.ActiveCfg = Release|Any CPU
		{75C6855F-139D-4FCD-B801-145667ECF8DD}.Ad-Hoc|x86.Build.0 = Release|Any CPU
		{75C6855F-139D-4FCD-B801-145667ECF8DD}.Ad-Hoc|x86.Deploy.0 = Release|Any CPU
		{75C6855F-139D-4FCD-B801-145667ECF8DD}.AppStore|Any CPU.ActiveCfg = Release|Any CPU
		{75C6855F-139D-4FCD-B801-145667ECF8DD}.AppStore|Any CPU.Build.0 = Release|Any CPU
		{75C6855F-139D-4FCD-B801-145667ECF8DD}.AppStore|Any CPU.Deploy.0 = Release|Any CPU
		{75C6855F-139D-4FCD-B801-145667ECF8DD}.AppStore|ARM.ActiveCfg = Release|Any CPU
		{75C6855F-139D-4FCD-B801-145667ECF8DD}.AppStore|ARM.Build.0 = Release|Any CPU
		{75C6855F-139D-4FCD-B801-145667ECF8DD}.AppStore|ARM.Deploy.0 = Release|Any CPU
		{75C6855F-139D-4FCD-B801-145667ECF8DD}.AppStore|iPhone.ActiveCfg = Release|Any CPU
		{75C6855F-139D-4FCD-B801-145667ECF8DD}.AppStore|iPhone.Build.0 = Release|Any CPU
		{75C6855F-139D-4FCD-B801-145667ECF8DD}.AppStore|iPhone.Deploy.0 = Release|Any CPU
		{75C6855F-139D-4FCD-B801-145667ECF8DD}.AppStore|iPhoneSimulator.ActiveCfg = Release|Any CPU
		{75C6855F-139D-4FCD-B801-145667ECF8DD}.AppStore|iPhoneSimulator.Build.0 = Release|Any CPU
		{75C6855F-139D-4FCD-B801-145667ECF8DD}.AppStore|iPhoneSimulator.Deploy.0 = Release|Any CPU
		{75C6855F-139D-4FCD-B801-145667ECF8DD}.AppStore|x64.ActiveCfg = Release|Any CPU
		{75C6855F-139D-4FCD-B801-145667ECF8DD}.AppStore|x64.Build.0 = Release|Any CPU
		{75C6855F-139D-4FCD-B801-145667ECF8DD}.AppStore|x64.Deploy.0 = Release|Any CPU
		{75C6855F-139D-4FCD-B801-145667ECF8DD}.AppStore|x86.ActiveCfg = Release|Any CPU
		{75C6855F-139D-4FCD-B801-145667ECF8DD}.AppStore|x86.Build.0 = Release|Any CPU
		{75C6855F-139D-4FCD-B801-145667ECF8DD}.AppStore|x86.Deploy.0 = Release|Any CPU
		{75C6855F-139D-4FCD-B801-145667ECF8DD}.Debug|Any CPU.ActiveCfg = Debug|Any CPU
		{75C6855F-139D-4FCD-B801-145667ECF8DD}.Debug|Any CPU.Build.0 = Debug|Any CPU
		{75C6855F-139D-4FCD-B801-145667ECF8DD}.Debug|Any CPU.Deploy.0 = Debug|Any CPU
		{75C6855F-139D-4FCD-B801-145667ECF8DD}.Debug|ARM.ActiveCfg = Debug|Any CPU
		{75C6855F-139D-4FCD-B801-145667ECF8DD}.Debug|ARM.Build.0 = Debug|Any CPU
		{75C6855F-139D-4FCD-B801-145667ECF8DD}.Debug|ARM.Deploy.0 = Debug|Any CPU
		{75C6855F-139D-4FCD-B801-145667ECF8DD}.Debug|iPhone.ActiveCfg = Debug|Any CPU
		{75C6855F-139D-4FCD-B801-145667ECF8DD}.Debug|iPhone.Build.0 = Debug|Any CPU
		{75C6855F-139D-4FCD-B801-145667ECF8DD}.Debug|iPhone.Deploy.0 = Debug|Any CPU
		{75C6855F-139D-4FCD-B801-145667ECF8DD}.Debug|iPhoneSimulator.ActiveCfg = Debug|Any CPU
		{75C6855F-139D-4FCD-B801-145667ECF8DD}.Debug|iPhoneSimulator.Build.0 = Debug|Any CPU
		{75C6855F-139D-4FCD-B801-145667ECF8DD}.Debug|iPhoneSimulator.Deploy.0 = Debug|Any CPU
		{75C6855F-139D-4FCD-B801-145667ECF8DD}.Debug|x64.ActiveCfg = Debug|Any CPU
		{75C6855F-139D-4FCD-B801-145667ECF8DD}.Debug|x64.Build.0 = Debug|Any CPU
		{75C6855F-139D-4FCD-B801-145667ECF8DD}.Debug|x64.Deploy.0 = Debug|Any CPU
		{75C6855F-139D-4FCD-B801-145667ECF8DD}.Debug|x86.ActiveCfg = Debug|Any CPU
		{75C6855F-139D-4FCD-B801-145667ECF8DD}.Debug|x86.Build.0 = Debug|Any CPU
		{75C6855F-139D-4FCD-B801-145667ECF8DD}.Debug|x86.Deploy.0 = Debug|Any CPU
		{75C6855F-139D-4FCD-B801-145667ECF8DD}.Release|Any CPU.ActiveCfg = Release|Any CPU
		{75C6855F-139D-4FCD-B801-145667ECF8DD}.Release|ARM.ActiveCfg = Release|Any CPU
		{75C6855F-139D-4FCD-B801-145667ECF8DD}.Release|ARM.Build.0 = Release|Any CPU
		{75C6855F-139D-4FCD-B801-145667ECF8DD}.Release|ARM.Deploy.0 = Release|Any CPU
		{75C6855F-139D-4FCD-B801-145667ECF8DD}.Release|iPhone.ActiveCfg = Release|Any CPU
		{75C6855F-139D-4FCD-B801-145667ECF8DD}.Release|iPhone.Build.0 = Release|Any CPU
		{75C6855F-139D-4FCD-B801-145667ECF8DD}.Release|iPhone.Deploy.0 = Release|Any CPU
		{75C6855F-139D-4FCD-B801-145667ECF8DD}.Release|iPhoneSimulator.ActiveCfg = Release|Any CPU
		{75C6855F-139D-4FCD-B801-145667ECF8DD}.Release|iPhoneSimulator.Build.0 = Release|Any CPU
		{75C6855F-139D-4FCD-B801-145667ECF8DD}.Release|iPhoneSimulator.Deploy.0 = Release|Any CPU
		{75C6855F-139D-4FCD-B801-145667ECF8DD}.Release|x64.ActiveCfg = Release|Any CPU
		{75C6855F-139D-4FCD-B801-145667ECF8DD}.Release|x64.Build.0 = Release|Any CPU
		{75C6855F-139D-4FCD-B801-145667ECF8DD}.Release|x64.Deploy.0 = Release|Any CPU
		{75C6855F-139D-4FCD-B801-145667ECF8DD}.Release|x86.ActiveCfg = Release|Any CPU
		{75C6855F-139D-4FCD-B801-145667ECF8DD}.Release|x86.Build.0 = Release|Any CPU
		{75C6855F-139D-4FCD-B801-145667ECF8DD}.Release|x86.Deploy.0 = Release|Any CPU
		{878D851E-0F8F-4A7A-B383-18A0B568D55A}.Ad-Hoc|Any CPU.ActiveCfg = Ad-Hoc|iPhone
		{878D851E-0F8F-4A7A-B383-18A0B568D55A}.Ad-Hoc|ARM.ActiveCfg = Ad-Hoc|iPhone
		{878D851E-0F8F-4A7A-B383-18A0B568D55A}.Ad-Hoc|iPhone.ActiveCfg = Ad-Hoc|iPhone
		{878D851E-0F8F-4A7A-B383-18A0B568D55A}.Ad-Hoc|iPhone.Build.0 = Ad-Hoc|iPhone
		{878D851E-0F8F-4A7A-B383-18A0B568D55A}.Ad-Hoc|iPhoneSimulator.ActiveCfg = Ad-Hoc|iPhoneSimulator
		{878D851E-0F8F-4A7A-B383-18A0B568D55A}.Ad-Hoc|iPhoneSimulator.Build.0 = Ad-Hoc|iPhoneSimulator
		{878D851E-0F8F-4A7A-B383-18A0B568D55A}.Ad-Hoc|x64.ActiveCfg = Ad-Hoc|iPhone
		{878D851E-0F8F-4A7A-B383-18A0B568D55A}.Ad-Hoc|x86.ActiveCfg = Ad-Hoc|iPhone
		{878D851E-0F8F-4A7A-B383-18A0B568D55A}.AppStore|Any CPU.ActiveCfg = AppStore|iPhone
		{878D851E-0F8F-4A7A-B383-18A0B568D55A}.AppStore|ARM.ActiveCfg = AppStore|iPhone
		{878D851E-0F8F-4A7A-B383-18A0B568D55A}.AppStore|iPhone.ActiveCfg = AppStore|iPhone
		{878D851E-0F8F-4A7A-B383-18A0B568D55A}.AppStore|iPhone.Build.0 = AppStore|iPhone
		{878D851E-0F8F-4A7A-B383-18A0B568D55A}.AppStore|iPhoneSimulator.ActiveCfg = AppStore|iPhoneSimulator
		{878D851E-0F8F-4A7A-B383-18A0B568D55A}.AppStore|iPhoneSimulator.Build.0 = AppStore|iPhoneSimulator
		{878D851E-0F8F-4A7A-B383-18A0B568D55A}.AppStore|x64.ActiveCfg = AppStore|iPhone
		{878D851E-0F8F-4A7A-B383-18A0B568D55A}.AppStore|x86.ActiveCfg = AppStore|iPhone
		{878D851E-0F8F-4A7A-B383-18A0B568D55A}.Debug|Any CPU.ActiveCfg = Debug|iPhone
		{878D851E-0F8F-4A7A-B383-18A0B568D55A}.Debug|ARM.ActiveCfg = Debug|iPhone
		{878D851E-0F8F-4A7A-B383-18A0B568D55A}.Debug|iPhone.ActiveCfg = Debug|iPhone
		{878D851E-0F8F-4A7A-B383-18A0B568D55A}.Debug|iPhone.Build.0 = Debug|iPhone
		{878D851E-0F8F-4A7A-B383-18A0B568D55A}.Debug|iPhoneSimulator.ActiveCfg = Debug|iPhoneSimulator
		{878D851E-0F8F-4A7A-B383-18A0B568D55A}.Debug|iPhoneSimulator.Build.0 = Debug|iPhoneSimulator
		{878D851E-0F8F-4A7A-B383-18A0B568D55A}.Debug|x64.ActiveCfg = Debug|iPhone
		{878D851E-0F8F-4A7A-B383-18A0B568D55A}.Debug|x86.ActiveCfg = Debug|iPhone
		{878D851E-0F8F-4A7A-B383-18A0B568D55A}.Release|Any CPU.ActiveCfg = Release|iPhone
		{878D851E-0F8F-4A7A-B383-18A0B568D55A}.Release|ARM.ActiveCfg = Release|iPhone
		{878D851E-0F8F-4A7A-B383-18A0B568D55A}.Release|iPhone.ActiveCfg = Release|iPhone
		{878D851E-0F8F-4A7A-B383-18A0B568D55A}.Release|iPhone.Build.0 = Release|iPhone
		{878D851E-0F8F-4A7A-B383-18A0B568D55A}.Release|iPhoneSimulator.ActiveCfg = Release|iPhoneSimulator
		{878D851E-0F8F-4A7A-B383-18A0B568D55A}.Release|iPhoneSimulator.Build.0 = Release|iPhoneSimulator
		{878D851E-0F8F-4A7A-B383-18A0B568D55A}.Release|x64.ActiveCfg = Release|iPhone
		{878D851E-0F8F-4A7A-B383-18A0B568D55A}.Release|x86.ActiveCfg = Release|iPhone
		{BA7E4687-5F96-414C-86BE-A1A3BF6BA10D}.Ad-Hoc|Any CPU.ActiveCfg = Release|x86
		{BA7E4687-5F96-414C-86BE-A1A3BF6BA10D}.Ad-Hoc|ARM.ActiveCfg = Release|ARM
		{BA7E4687-5F96-414C-86BE-A1A3BF6BA10D}.Ad-Hoc|iPhone.ActiveCfg = Release|x86
		{BA7E4687-5F96-414C-86BE-A1A3BF6BA10D}.Ad-Hoc|iPhone.Build.0 = Release|x86
		{BA7E4687-5F96-414C-86BE-A1A3BF6BA10D}.Ad-Hoc|iPhone.Deploy.0 = Release|x86
		{BA7E4687-5F96-414C-86BE-A1A3BF6BA10D}.Ad-Hoc|iPhoneSimulator.ActiveCfg = Release|x86
		{BA7E4687-5F96-414C-86BE-A1A3BF6BA10D}.Ad-Hoc|iPhoneSimulator.Build.0 = Release|x86
		{BA7E4687-5F96-414C-86BE-A1A3BF6BA10D}.Ad-Hoc|iPhoneSimulator.Deploy.0 = Release|x86
		{BA7E4687-5F96-414C-86BE-A1A3BF6BA10D}.Ad-Hoc|x64.ActiveCfg = Release|x64
		{BA7E4687-5F96-414C-86BE-A1A3BF6BA10D}.Ad-Hoc|x64.Build.0 = Release|x64
		{BA7E4687-5F96-414C-86BE-A1A3BF6BA10D}.Ad-Hoc|x64.Deploy.0 = Release|x64
		{BA7E4687-5F96-414C-86BE-A1A3BF6BA10D}.Ad-Hoc|x86.ActiveCfg = Release|x86
		{BA7E4687-5F96-414C-86BE-A1A3BF6BA10D}.Ad-Hoc|x86.Build.0 = Release|x86
		{BA7E4687-5F96-414C-86BE-A1A3BF6BA10D}.Ad-Hoc|x86.Deploy.0 = Release|x86
		{BA7E4687-5F96-414C-86BE-A1A3BF6BA10D}.AppStore|Any CPU.ActiveCfg = Release|x86
		{BA7E4687-5F96-414C-86BE-A1A3BF6BA10D}.AppStore|Any CPU.Build.0 = Release|x86
		{BA7E4687-5F96-414C-86BE-A1A3BF6BA10D}.AppStore|Any CPU.Deploy.0 = Release|x86
		{BA7E4687-5F96-414C-86BE-A1A3BF6BA10D}.AppStore|ARM.ActiveCfg = Release|ARM
		{BA7E4687-5F96-414C-86BE-A1A3BF6BA10D}.AppStore|ARM.Build.0 = Release|ARM
		{BA7E4687-5F96-414C-86BE-A1A3BF6BA10D}.AppStore|ARM.Deploy.0 = Release|ARM
		{BA7E4687-5F96-414C-86BE-A1A3BF6BA10D}.AppStore|iPhone.ActiveCfg = Release|x86
		{BA7E4687-5F96-414C-86BE-A1A3BF6BA10D}.AppStore|iPhone.Build.0 = Release|x86
		{BA7E4687-5F96-414C-86BE-A1A3BF6BA10D}.AppStore|iPhone.Deploy.0 = Release|x86
		{BA7E4687-5F96-414C-86BE-A1A3BF6BA10D}.AppStore|iPhoneSimulator.ActiveCfg = Release|x86
		{BA7E4687-5F96-414C-86BE-A1A3BF6BA10D}.AppStore|iPhoneSimulator.Build.0 = Release|x86
		{BA7E4687-5F96-414C-86BE-A1A3BF6BA10D}.AppStore|iPhoneSimulator.Deploy.0 = Release|x86
		{BA7E4687-5F96-414C-86BE-A1A3BF6BA10D}.AppStore|x64.ActiveCfg = Release|x64
		{BA7E4687-5F96-414C-86BE-A1A3BF6BA10D}.AppStore|x64.Build.0 = Release|x64
		{BA7E4687-5F96-414C-86BE-A1A3BF6BA10D}.AppStore|x64.Deploy.0 = Release|x64
		{BA7E4687-5F96-414C-86BE-A1A3BF6BA10D}.AppStore|x86.ActiveCfg = Release|x86
		{BA7E4687-5F96-414C-86BE-A1A3BF6BA10D}.AppStore|x86.Build.0 = Release|x86
		{BA7E4687-5F96-414C-86BE-A1A3BF6BA10D}.AppStore|x86.Deploy.0 = Release|x86
		{BA7E4687-5F96-414C-86BE-A1A3BF6BA10D}.Debug|Any CPU.ActiveCfg = Debug|x86
		{BA7E4687-5F96-414C-86BE-A1A3BF6BA10D}.Debug|ARM.ActiveCfg = Debug|ARM
		{BA7E4687-5F96-414C-86BE-A1A3BF6BA10D}.Debug|ARM.Build.0 = Debug|ARM
		{BA7E4687-5F96-414C-86BE-A1A3BF6BA10D}.Debug|ARM.Deploy.0 = Debug|ARM
		{BA7E4687-5F96-414C-86BE-A1A3BF6BA10D}.Debug|iPhone.ActiveCfg = Debug|x86
		{BA7E4687-5F96-414C-86BE-A1A3BF6BA10D}.Debug|iPhoneSimulator.ActiveCfg = Debug|x86
		{BA7E4687-5F96-414C-86BE-A1A3BF6BA10D}.Debug|x64.ActiveCfg = Debug|x64
		{BA7E4687-5F96-414C-86BE-A1A3BF6BA10D}.Debug|x64.Build.0 = Debug|x64
		{BA7E4687-5F96-414C-86BE-A1A3BF6BA10D}.Debug|x64.Deploy.0 = Debug|x64
		{BA7E4687-5F96-414C-86BE-A1A3BF6BA10D}.Debug|x86.ActiveCfg = Debug|x86
		{BA7E4687-5F96-414C-86BE-A1A3BF6BA10D}.Debug|x86.Build.0 = Debug|x86
		{BA7E4687-5F96-414C-86BE-A1A3BF6BA10D}.Debug|x86.Deploy.0 = Debug|x86
		{BA7E4687-5F96-414C-86BE-A1A3BF6BA10D}.Release|Any CPU.ActiveCfg = Release|x86
		{BA7E4687-5F96-414C-86BE-A1A3BF6BA10D}.Release|ARM.ActiveCfg = Release|ARM
		{BA7E4687-5F96-414C-86BE-A1A3BF6BA10D}.Release|ARM.Build.0 = Release|ARM
		{BA7E4687-5F96-414C-86BE-A1A3BF6BA10D}.Release|ARM.Deploy.0 = Release|ARM
		{BA7E4687-5F96-414C-86BE-A1A3BF6BA10D}.Release|iPhone.ActiveCfg = Release|x86
		{BA7E4687-5F96-414C-86BE-A1A3BF6BA10D}.Release|iPhoneSimulator.ActiveCfg = Release|x86
		{BA7E4687-5F96-414C-86BE-A1A3BF6BA10D}.Release|x64.ActiveCfg = Release|x64
		{BA7E4687-5F96-414C-86BE-A1A3BF6BA10D}.Release|x64.Build.0 = Release|x64
		{BA7E4687-5F96-414C-86BE-A1A3BF6BA10D}.Release|x64.Deploy.0 = Release|x64
		{BA7E4687-5F96-414C-86BE-A1A3BF6BA10D}.Release|x86.ActiveCfg = Release|x86
		{BA7E4687-5F96-414C-86BE-A1A3BF6BA10D}.Release|x86.Build.0 = Release|x86
		{BA7E4687-5F96-414C-86BE-A1A3BF6BA10D}.Release|x86.Deploy.0 = Release|x86
		{03A9D0B7-BFC5-4BEF-9D78-4A7AAB5A09C6}.Ad-Hoc|Any CPU.ActiveCfg = Debug|Any CPU
		{03A9D0B7-BFC5-4BEF-9D78-4A7AAB5A09C6}.Ad-Hoc|ARM.ActiveCfg = Debug|Any CPU
		{03A9D0B7-BFC5-4BEF-9D78-4A7AAB5A09C6}.Ad-Hoc|iPhone.ActiveCfg = Debug|Any CPU
		{03A9D0B7-BFC5-4BEF-9D78-4A7AAB5A09C6}.Ad-Hoc|iPhone.Build.0 = Debug|Any CPU
		{03A9D0B7-BFC5-4BEF-9D78-4A7AAB5A09C6}.Ad-Hoc|iPhoneSimulator.ActiveCfg = Debug|Any CPU
		{03A9D0B7-BFC5-4BEF-9D78-4A7AAB5A09C6}.Ad-Hoc|iPhoneSimulator.Build.0 = Debug|Any CPU
		{03A9D0B7-BFC5-4BEF-9D78-4A7AAB5A09C6}.Ad-Hoc|x64.ActiveCfg = Debug|Any CPU
		{03A9D0B7-BFC5-4BEF-9D78-4A7AAB5A09C6}.Ad-Hoc|x64.Build.0 = Debug|Any CPU
		{03A9D0B7-BFC5-4BEF-9D78-4A7AAB5A09C6}.Ad-Hoc|x86.ActiveCfg = Debug|Any CPU
		{03A9D0B7-BFC5-4BEF-9D78-4A7AAB5A09C6}.Ad-Hoc|x86.Build.0 = Debug|Any CPU
		{03A9D0B7-BFC5-4BEF-9D78-4A7AAB5A09C6}.AppStore|Any CPU.ActiveCfg = Debug|Any CPU
		{03A9D0B7-BFC5-4BEF-9D78-4A7AAB5A09C6}.AppStore|Any CPU.Build.0 = Debug|Any CPU
		{03A9D0B7-BFC5-4BEF-9D78-4A7AAB5A09C6}.AppStore|ARM.ActiveCfg = Debug|Any CPU
		{03A9D0B7-BFC5-4BEF-9D78-4A7AAB5A09C6}.AppStore|ARM.Build.0 = Debug|Any CPU
		{03A9D0B7-BFC5-4BEF-9D78-4A7AAB5A09C6}.AppStore|iPhone.ActiveCfg = Debug|Any CPU
		{03A9D0B7-BFC5-4BEF-9D78-4A7AAB5A09C6}.AppStore|iPhone.Build.0 = Debug|Any CPU
		{03A9D0B7-BFC5-4BEF-9D78-4A7AAB5A09C6}.AppStore|iPhoneSimulator.ActiveCfg = Debug|Any CPU
		{03A9D0B7-BFC5-4BEF-9D78-4A7AAB5A09C6}.AppStore|iPhoneSimulator.Build.0 = Debug|Any CPU
		{03A9D0B7-BFC5-4BEF-9D78-4A7AAB5A09C6}.AppStore|x64.ActiveCfg = Debug|Any CPU
		{03A9D0B7-BFC5-4BEF-9D78-4A7AAB5A09C6}.AppStore|x64.Build.0 = Debug|Any CPU
		{03A9D0B7-BFC5-4BEF-9D78-4A7AAB5A09C6}.AppStore|x86.ActiveCfg = Debug|Any CPU
		{03A9D0B7-BFC5-4BEF-9D78-4A7AAB5A09C6}.AppStore|x86.Build.0 = Debug|Any CPU
		{03A9D0B7-BFC5-4BEF-9D78-4A7AAB5A09C6}.Debug|Any CPU.ActiveCfg = Debug|Any CPU
		{03A9D0B7-BFC5-4BEF-9D78-4A7AAB5A09C6}.Debug|Any CPU.Build.0 = Debug|Any CPU
		{03A9D0B7-BFC5-4BEF-9D78-4A7AAB5A09C6}.Debug|ARM.ActiveCfg = Debug|Any CPU
		{03A9D0B7-BFC5-4BEF-9D78-4A7AAB5A09C6}.Debug|ARM.Build.0 = Debug|Any CPU
		{03A9D0B7-BFC5-4BEF-9D78-4A7AAB5A09C6}.Debug|iPhone.ActiveCfg = Debug|Any CPU
		{03A9D0B7-BFC5-4BEF-9D78-4A7AAB5A09C6}.Debug|iPhone.Build.0 = Debug|Any CPU
		{03A9D0B7-BFC5-4BEF-9D78-4A7AAB5A09C6}.Debug|iPhoneSimulator.ActiveCfg = Debug|Any CPU
		{03A9D0B7-BFC5-4BEF-9D78-4A7AAB5A09C6}.Debug|iPhoneSimulator.Build.0 = Debug|Any CPU
		{03A9D0B7-BFC5-4BEF-9D78-4A7AAB5A09C6}.Debug|x64.ActiveCfg = Debug|Any CPU
		{03A9D0B7-BFC5-4BEF-9D78-4A7AAB5A09C6}.Debug|x64.Build.0 = Debug|Any CPU
		{03A9D0B7-BFC5-4BEF-9D78-4A7AAB5A09C6}.Debug|x86.ActiveCfg = Debug|Any CPU
		{03A9D0B7-BFC5-4BEF-9D78-4A7AAB5A09C6}.Debug|x86.Build.0 = Debug|Any CPU
		{03A9D0B7-BFC5-4BEF-9D78-4A7AAB5A09C6}.Release|Any CPU.ActiveCfg = Release|Any CPU
		{03A9D0B7-BFC5-4BEF-9D78-4A7AAB5A09C6}.Release|ARM.ActiveCfg = Release|Any CPU
		{03A9D0B7-BFC5-4BEF-9D78-4A7AAB5A09C6}.Release|ARM.Build.0 = Release|Any CPU
		{03A9D0B7-BFC5-4BEF-9D78-4A7AAB5A09C6}.Release|iPhone.ActiveCfg = Release|Any CPU
		{03A9D0B7-BFC5-4BEF-9D78-4A7AAB5A09C6}.Release|iPhone.Build.0 = Release|Any CPU
		{03A9D0B7-BFC5-4BEF-9D78-4A7AAB5A09C6}.Release|iPhoneSimulator.ActiveCfg = Release|Any CPU
		{03A9D0B7-BFC5-4BEF-9D78-4A7AAB5A09C6}.Release|iPhoneSimulator.Build.0 = Release|Any CPU
		{03A9D0B7-BFC5-4BEF-9D78-4A7AAB5A09C6}.Release|x64.ActiveCfg = Release|Any CPU
		{03A9D0B7-BFC5-4BEF-9D78-4A7AAB5A09C6}.Release|x64.Build.0 = Release|Any CPU
		{03A9D0B7-BFC5-4BEF-9D78-4A7AAB5A09C6}.Release|x86.ActiveCfg = Release|Any CPU
		{03A9D0B7-BFC5-4BEF-9D78-4A7AAB5A09C6}.Release|x86.Build.0 = Release|Any CPU
	EndGlobalSection
	GlobalSection(SolutionProperties) = preSolution
		HideSolutionNode = FALSE
	EndGlobalSection
	GlobalSection(NestedProjects) = preSolution
		{333A537D-8FC8-4468-8961-1245B9001BFA} = {4D9FDA0E-79FE-4454-912A-93CE82973FFA}
		{75C6855F-139D-4FCD-B801-145667ECF8DD} = {0AE99E41-5572-4826-8665-93045CDD5E8E}
		{878D851E-0F8F-4A7A-B383-18A0B568D55A} = {0AE99E41-5572-4826-8665-93045CDD5E8E}
		{BA7E4687-5F96-414C-86BE-A1A3BF6BA10D} = {0AE99E41-5572-4826-8665-93045CDD5E8E}
		{03A9D0B7-BFC5-4BEF-9D78-4A7AAB5A09C6} = {0AE99E41-5572-4826-8665-93045CDD5E8E}
	EndGlobalSection
	GlobalSection(ExtensibilityGlobals) = postSolution
		SolutionGuid = {F8E49AFB-13A3-4A5F-B834-D65B0A7941B3}
	EndGlobalSection
EndGlobal
